
Microsoft Visual Studio Solution File, Format Version 12.00
# Visual Studio Version 16
VisualStudioVersion = 16.0.30907.101
MinimumVisualStudioVersion = 10.0.40219.1
Project("{FAE04EC0-301F-11D3-BF4B-00C04F79EFBC}") = "WS", "WS\WS.csproj", "{73488F6B-1BB2-435B-98B3-5F4C9B9AFF53}"
EndProject
Global
	GlobalSection(SolutionConfigurationPlatforms) = preSolution
		Debug|Any CPU = Debug|Any CPU
		Release|Any CPU = Release|Any CPU
	EndGlobalSection
	GlobalSection(ProjectConfigurationPlatforms) = postSolution
		{73488F6B-1BB2-435B-98B3-5F4C9B9AFF53}.Debug|Any CPU.ActiveCfg = Debug|Any CPU
		{73488F6B-1BB2-435B-98B3-5F4C9B9AFF53}.Debug|Any CPU.Build.0 = Debug|Any CPU
		{73488F6B-1BB2-435B-98B3-5F4C9B9AFF53}.Release|Any CPU.ActiveCfg = Release|Any CPU
		{73488F6B-1BB2-435B-98B3-5F4C9B9AFF53}.Release|Any CPU.Build.0 = Release|Any CPU
	EndGlobalSection
	GlobalSection(SolutionProperties) = preSolution
		HideSolutionNode = FALSE
	EndGlobalSection
	GlobalSection(ExtensibilityGlobals) = postSolution
		SolutionGuid = {E46CC3E4-DC9A-4ECE-8AEF-3FC3B73F821C}
	EndGlobalSection
EndGlobal
